// !$*UTF8*$!
{
	archiveVersion = 1;
	classes = {
	};
	objectVersion = 56;
	objects = {

/* Begin PBXBuildFile section */
		980339DD2C342AFA00D223F2 /* WatchConnectivity.framework in Frameworks */ = {isa = PBXBuildFile; fileRef = 980339DC2C342AFA00D223F2 /* WatchConnectivity.framework */; };
		980961292C240E5300C30891 /* WatchConnector.swift in Sources */ = {isa = PBXBuildFile; fileRef = 980961282C240E5300C30891 /* WatchConnector.swift */; };
		983226582C36EE49002DE360 /* SummaryView.swift in Sources */ = {isa = PBXBuildFile; fileRef = 983226572C36EE49002DE360 /* SummaryView.swift */; };
		984F3C962C45B7060048569E /* FirebaseAnalytics in Frameworks */ = {isa = PBXBuildFile; productRef = 984F3C952C45B7060048569E /* FirebaseAnalytics */; };
		984F3C982C45B7060048569E /* FirebaseAuth in Frameworks */ = {isa = PBXBuildFile; productRef = 984F3C972C45B7060048569E /* FirebaseAuth */; };
		984F3C9A2C45B7060048569E /* FirebaseFirestore in Frameworks */ = {isa = PBXBuildFile; productRef = 984F3C992C45B7060048569E /* FirebaseFirestore */; };
		985137E62C52B0E300F28A19 /* GoogleService-Info.plist in Resources */ = {isa = PBXBuildFile; fileRef = 985137E52C52B0E300F28A19 /* GoogleService-Info.plist */; };
		985856D82C52B4FA00CD55D4 /* Assets.xcassets in Resources */ = {isa = PBXBuildFile; fileRef = 985856D72C52B4FA00CD55D4 /* Assets.xcassets */; };
		985856D92C52B4FA00CD55D4 /* Assets.xcassets in Resources */ = {isa = PBXBuildFile; fileRef = 985856D72C52B4FA00CD55D4 /* Assets.xcassets */; };
		9865601C2C352F5B008D2D8A /* WatchConnectivity.framework in Frameworks */ = {isa = PBXBuildFile; fileRef = 9865601B2C352F5B008D2D8A /* WatchConnectivity.framework */; };
		98663E012BB6097D00608098 /* TabItems.swift in Sources */ = {isa = PBXBuildFile; fileRef = 98663E002BB6097D00608098 /* TabItems.swift */; };
		98688E0C2B55837500638572 /* plungeeApp.swift in Sources */ = {isa = PBXBuildFile; fileRef = 98688E0B2B55837500638572 /* plungeeApp.swift */; };
		98688E132B55837700638572 /* Preview Assets.xcassets in Resources */ = {isa = PBXBuildFile; fileRef = 98688E122B55837700638572 /* Preview Assets.xcassets */; };
		98814BEB2C31D67B00FAAAEC /* ControlsView.swift in Sources */ = {isa = PBXBuildFile; fileRef = 98814BEA2C31D67B00FAAAEC /* ControlsView.swift */; };
		98814BED2C31EA4D00FAAAEC /* WorkoutManager.swift in Sources */ = {isa = PBXBuildFile; fileRef = 98814BEC2C31EA4D00FAAAEC /* WorkoutManager.swift */; };
		98814BF12C327E6300FAAAEC /* HealthKit.framework in Frameworks */ = {isa = PBXBuildFile; fileRef = 98814BF02C327E6300FAAAEC /* HealthKit.framework */; };
		9898759E2C2D962D00D771AB /* plungeeWatchApp.swift in Sources */ = {isa = PBXBuildFile; fileRef = 9898759D2C2D962D00D771AB /* plungeeWatchApp.swift */; };
		989875A02C2D962D00D771AB /* ContentView.swift in Sources */ = {isa = PBXBuildFile; fileRef = 9898759F2C2D962D00D771AB /* ContentView.swift */; };
		989875A52C2D962F00D771AB /* Preview Assets.xcassets in Resources */ = {isa = PBXBuildFile; fileRef = 989875A42C2D962F00D771AB /* Preview Assets.xcassets */; };
		989875A82C2D962F00D771AB /* plungee.app in Embed Watch Content */ = {isa = PBXBuildFile; fileRef = 9898759B2C2D962D00D771AB /* plungee.app */; settings = {ATTRIBUTES = (RemoveHeadersOnCopy, ); }; };
		989875B12C2D9D5600D771AB /* SessionView.swift in Sources */ = {isa = PBXBuildFile; fileRef = 989875B02C2D9D5500D771AB /* SessionView.swift */; };
		989875B32C2D9E0600D771AB /* MetricsView.swift in Sources */ = {isa = PBXBuildFile; fileRef = 989875B22C2D9E0600D771AB /* MetricsView.swift */; };
		98BAB3B72C33E20F00AE0637 /* WatchIOSConnector.swift in Sources */ = {isa = PBXBuildFile; fileRef = 98BAB3B62C33E20F00AE0637 /* WatchIOSConnector.swift */; };
		98C491592C36FEFC00F21C32 /* DashboardView.swift in Sources */ = {isa = PBXBuildFile; fileRef = 98C491552C36FEFC00F21C32 /* DashboardView.swift */; };
		98C4915A2C36FEFC00F21C32 /* SettingsView.swift in Sources */ = {isa = PBXBuildFile; fileRef = 98C491562C36FEFC00F21C32 /* SettingsView.swift */; };
		98C4915B2C36FEFC00F21C32 /* StartView.swift in Sources */ = {isa = PBXBuildFile; fileRef = 98C491572C36FEFC00F21C32 /* StartView.swift */; };
		98C4915C2C36FEFC00F21C32 /* ContentView.swift in Sources */ = {isa = PBXBuildFile; fileRef = 98C491582C36FEFC00F21C32 /* ContentView.swift */; };
		98D7B68E2C391E130033300A /* ElapsedTimeView.swift in Sources */ = {isa = PBXBuildFile; fileRef = 98D7B68C2C387F200033300A /* ElapsedTimeView.swift */; };
		98D7B68F2C391E130033300A /* ExposureType.swift in Sources */ = {isa = PBXBuildFile; fileRef = 98D7B68D2C387F200033300A /* ExposureType.swift */; };
		98D7B6902C391E140033300A /* ElapsedTimeView.swift in Sources */ = {isa = PBXBuildFile; fileRef = 98D7B68C2C387F200033300A /* ElapsedTimeView.swift */; };
		98D7B6912C391E140033300A /* ExposureType.swift in Sources */ = {isa = PBXBuildFile; fileRef = 98D7B68D2C387F200033300A /* ExposureType.swift */; };
		98D7B6922C391E1B0033300A /* Session.swift in Sources */ = {isa = PBXBuildFile; fileRef = 98D7B68B2C387F190033300A /* Session.swift */; };
		98D7B6932C391E1B0033300A /* Session.swift in Sources */ = {isa = PBXBuildFile; fileRef = 98D7B68B2C387F190033300A /* Session.swift */; };
		98D7B69E2C3968360033300A /* DatabaseManager.swift in Sources */ = {isa = PBXBuildFile; fileRef = 98D7B69D2C3968360033300A /* DatabaseManager.swift */; };
		98DF67512C370E7900428188 /* WatchReachableIndicator.swift in Sources */ = {isa = PBXBuildFile; fileRef = 98DF67502C370E7900428188 /* WatchReachableIndicator.swift */; };
/* End PBXBuildFile section */

/* Begin PBXContainerItemProxy section */
		989875A62C2D962F00D771AB /* PBXContainerItemProxy */ = {
			isa = PBXContainerItemProxy;
			containerPortal = 98688E002B55837500638572 /* Project object */;
			proxyType = 1;
			remoteGlobalIDString = 9898759A2C2D962D00D771AB;
			remoteInfo = "plungeeWatch Watch App";
		};
/* End PBXContainerItemProxy section */

/* Begin PBXCopyFilesBuildPhase section */
		98688E2B2B55837900638572 /* Embed Watch Content */ = {
			isa = PBXCopyFilesBuildPhase;
			buildActionMask = 2147483647;
			dstPath = "$(CONTENTS_FOLDER_PATH)/Watch";
			dstSubfolderSpec = 16;
			files = (
				989875A82C2D962F00D771AB /* plungee.app in Embed Watch Content */,
			);
			name = "Embed Watch Content";
			runOnlyForDeploymentPostprocessing = 0;
		};
/* End PBXCopyFilesBuildPhase section */

/* Begin PBXFileReference section */
		980339DC2C342AFA00D223F2 /* WatchConnectivity.framework */ = {isa = PBXFileReference; lastKnownFileType = wrapper.framework; name = WatchConnectivity.framework; path = Platforms/iPhoneOS.platform/Developer/SDKs/iPhoneOS17.5.sdk/System/Library/Frameworks/WatchConnectivity.framework; sourceTree = DEVELOPER_DIR; };
		980961282C240E5300C30891 /* WatchConnector.swift */ = {isa = PBXFileReference; lastKnownFileType = sourcecode.swift; path = WatchConnector.swift; sourceTree = "<group>"; };
		983226572C36EE49002DE360 /* SummaryView.swift */ = {isa = PBXFileReference; lastKnownFileType = sourcecode.swift; path = SummaryView.swift; sourceTree = "<group>"; };
		985137E42C52875100F28A19 /* Info.plist */ = {isa = PBXFileReference; lastKnownFileType = text.plist; path = Info.plist; sourceTree = "<group>"; };
		985137E52C52B0E300F28A19 /* GoogleService-Info.plist */ = {isa = PBXFileReference; fileEncoding = 4; lastKnownFileType = text.plist.xml; path = "GoogleService-Info.plist"; sourceTree = "<group>"; };
		985856D72C52B4FA00CD55D4 /* Assets.xcassets */ = {isa = PBXFileReference; lastKnownFileType = folder.assetcatalog; path = Assets.xcassets; sourceTree = "<group>"; };
		9865601B2C352F5B008D2D8A /* WatchConnectivity.framework */ = {isa = PBXFileReference; lastKnownFileType = wrapper.framework; name = WatchConnectivity.framework; path = Platforms/WatchOS.platform/Developer/SDKs/WatchOS10.5.sdk/System/Library/Frameworks/WatchConnectivity.framework; sourceTree = DEVELOPER_DIR; };
		98663E002BB6097D00608098 /* TabItems.swift */ = {isa = PBXFileReference; lastKnownFileType = sourcecode.swift; path = TabItems.swift; sourceTree = "<group>"; };
		98688E082B55837500638572 /* plungee.app */ = {isa = PBXFileReference; explicitFileType = wrapper.application; includeInIndex = 0; path = plungee.app; sourceTree = BUILT_PRODUCTS_DIR; };
		98688E0B2B55837500638572 /* plungeeApp.swift */ = {isa = PBXFileReference; lastKnownFileType = sourcecode.swift; path = plungeeApp.swift; sourceTree = "<group>"; };
		98688E122B55837700638572 /* Preview Assets.xcassets */ = {isa = PBXFileReference; lastKnownFileType = folder.assetcatalog; path = "Preview Assets.xcassets"; sourceTree = "<group>"; };
		98814BEA2C31D67B00FAAAEC /* ControlsView.swift */ = {isa = PBXFileReference; lastKnownFileType = sourcecode.swift; path = ControlsView.swift; sourceTree = "<group>"; };
		98814BEC2C31EA4D00FAAAEC /* WorkoutManager.swift */ = {isa = PBXFileReference; lastKnownFileType = sourcecode.swift; path = WorkoutManager.swift; sourceTree = "<group>"; };
		98814BF02C327E6300FAAAEC /* HealthKit.framework */ = {isa = PBXFileReference; lastKnownFileType = wrapper.framework; name = HealthKit.framework; path = Platforms/WatchOS.platform/Developer/SDKs/WatchOS10.5.sdk/System/Library/Frameworks/HealthKit.framework; sourceTree = DEVELOPER_DIR; };
		98814BF22C327E9B00FAAAEC /* plungeeWatch Watch App.entitlements */ = {isa = PBXFileReference; lastKnownFileType = text.plist.entitlements; path = "plungeeWatch Watch App.entitlements"; sourceTree = "<group>"; };
		98814BF32C327EAF00FAAAEC /* plungeeWatch-Watch-App-Info.plist */ = {isa = PBXFileReference; lastKnownFileType = text.plist; path = "plungeeWatch-Watch-App-Info.plist"; sourceTree = SOURCE_ROOT; };
		9898759B2C2D962D00D771AB /* plungee.app */ = {isa = PBXFileReference; explicitFileType = wrapper.application; includeInIndex = 0; path = plungee.app; sourceTree = BUILT_PRODUCTS_DIR; };
		9898759D2C2D962D00D771AB /* plungeeWatchApp.swift */ = {isa = PBXFileReference; lastKnownFileType = sourcecode.swift; path = plungeeWatchApp.swift; sourceTree = "<group>"; };
		9898759F2C2D962D00D771AB /* ContentView.swift */ = {isa = PBXFileReference; lastKnownFileType = sourcecode.swift; path = ContentView.swift; sourceTree = "<group>"; };
		989875A42C2D962F00D771AB /* Preview Assets.xcassets */ = {isa = PBXFileReference; lastKnownFileType = folder.assetcatalog; path = "Preview Assets.xcassets"; sourceTree = "<group>"; };
		989875B02C2D9D5500D771AB /* SessionView.swift */ = {isa = PBXFileReference; lastKnownFileType = sourcecode.swift; path = SessionView.swift; sourceTree = "<group>"; };
		989875B22C2D9E0600D771AB /* MetricsView.swift */ = {isa = PBXFileReference; lastKnownFileType = sourcecode.swift; path = MetricsView.swift; sourceTree = "<group>"; };
		98BAB3B62C33E20F00AE0637 /* WatchIOSConnector.swift */ = {isa = PBXFileReference; lastKnownFileType = sourcecode.swift; path = WatchIOSConnector.swift; sourceTree = "<group>"; };
		98C491552C36FEFC00F21C32 /* DashboardView.swift */ = {isa = PBXFileReference; fileEncoding = 4; lastKnownFileType = sourcecode.swift; path = DashboardView.swift; sourceTree = "<group>"; };
		98C491562C36FEFC00F21C32 /* SettingsView.swift */ = {isa = PBXFileReference; fileEncoding = 4; lastKnownFileType = sourcecode.swift; path = SettingsView.swift; sourceTree = "<group>"; };
		98C491572C36FEFC00F21C32 /* StartView.swift */ = {isa = PBXFileReference; fileEncoding = 4; lastKnownFileType = sourcecode.swift; path = StartView.swift; sourceTree = "<group>"; };
		98C491582C36FEFC00F21C32 /* ContentView.swift */ = {isa = PBXFileReference; fileEncoding = 4; lastKnownFileType = sourcecode.swift; path = ContentView.swift; sourceTree = "<group>"; };
		98D7B68B2C387F190033300A /* Session.swift */ = {isa = PBXFileReference; lastKnownFileType = sourcecode.swift; path = Session.swift; sourceTree = "<group>"; };
		98D7B68C2C387F200033300A /* ElapsedTimeView.swift */ = {isa = PBXFileReference; lastKnownFileType = sourcecode.swift; path = ElapsedTimeView.swift; sourceTree = "<group>"; };
		98D7B68D2C387F200033300A /* ExposureType.swift */ = {isa = PBXFileReference; lastKnownFileType = sourcecode.swift; path = ExposureType.swift; sourceTree = "<group>"; };
		98D7B69D2C3968360033300A /* DatabaseManager.swift */ = {isa = PBXFileReference; lastKnownFileType = sourcecode.swift; path = DatabaseManager.swift; sourceTree = "<group>"; };
		98DF67502C370E7900428188 /* WatchReachableIndicator.swift */ = {isa = PBXFileReference; lastKnownFileType = sourcecode.swift; path = WatchReachableIndicator.swift; sourceTree = "<group>"; };
/* End PBXFileReference section */

/* Begin PBXFrameworksBuildPhase section */
		98688E052B55837500638572 /* Frameworks */ = {
			isa = PBXFrameworksBuildPhase;
			buildActionMask = 2147483647;
			files = (
				984F3C962C45B7060048569E /* FirebaseAnalytics in Frameworks */,
				984F3C9A2C45B7060048569E /* FirebaseFirestore in Frameworks */,
				984F3C982C45B7060048569E /* FirebaseAuth in Frameworks */,
				980339DD2C342AFA00D223F2 /* WatchConnectivity.framework in Frameworks */,
			);
			runOnlyForDeploymentPostprocessing = 0;
		};
		989875982C2D962D00D771AB /* Frameworks */ = {
			isa = PBXFrameworksBuildPhase;
			buildActionMask = 2147483647;
			files = (
				98814BF12C327E6300FAAAEC /* HealthKit.framework in Frameworks */,
				9865601C2C352F5B008D2D8A /* WatchConnectivity.framework in Frameworks */,
			);
			runOnlyForDeploymentPostprocessing = 0;
		};
/* End PBXFrameworksBuildPhase section */

/* Begin PBXGroup section */
		986538362BB6A7510091DA64 /* Utils */ = {
			isa = PBXGroup;
			children = (
				98663E002BB6097D00608098 /* TabItems.swift */,
			);
			path = Utils;
			sourceTree = "<group>";
		};
		98688DFF2B55837500638572 = {
			isa = PBXGroup;
			children = (
				98688E0A2B55837500638572 /* plungee */,
				9898759C2C2D962D00D771AB /* plungeeWatch Watch App */,
				98688E322B55864A00638572 /* Shared */,
				98688E092B55837500638572 /* Products */,
				98814BEF2C327E6200FAAAEC /* Frameworks */,
			);
			sourceTree = "<group>";
		};
		98688E092B55837500638572 /* Products */ = {
			isa = PBXGroup;
			children = (
				98688E082B55837500638572 /* plungee.app */,
				9898759B2C2D962D00D771AB /* plungee.app */,
			);
			name = Products;
			sourceTree = "<group>";
		};
		98688E0A2B55837500638572 /* plungee */ = {
			isa = PBXGroup;
			children = (
				985137E42C52875100F28A19 /* Info.plist */,
				98688E0B2B55837500638572 /* plungeeApp.swift */,
				98D2A8082C33130100CD318E /* Controllers */,
				98E0ED642BB6027C00AE977C /* Views */,
				986538362BB6A7510091DA64 /* Utils */,
				985137E52C52B0E300F28A19 /* GoogleService-Info.plist */,
				98688E112B55837700638572 /* Preview Content */,
			);
			path = plungee;
			sourceTree = "<group>";
		};
		98688E112B55837700638572 /* Preview Content */ = {
			isa = PBXGroup;
			children = (
				98688E122B55837700638572 /* Preview Assets.xcassets */,
			);
			path = "Preview Content";
			sourceTree = "<group>";
		};
		98688E322B55864A00638572 /* Shared */ = {
			isa = PBXGroup;
			children = (
				98D7B6892C387F0E0033300A /* Models */,
				98D7B68A2C387F140033300A /* Utils */,
				985856D72C52B4FA00CD55D4 /* Assets.xcassets */,
			);
			path = Shared;
			sourceTree = "<group>";
		};
		98814BEE2C31EA5800FAAAEC /* Controllers */ = {
			isa = PBXGroup;
			children = (
				98814BEC2C31EA4D00FAAAEC /* WorkoutManager.swift */,
				98BAB3B62C33E20F00AE0637 /* WatchIOSConnector.swift */,
			);
			path = Controllers;
			sourceTree = "<group>";
		};
		98814BEF2C327E6200FAAAEC /* Frameworks */ = {
			isa = PBXGroup;
			children = (
				980339DC2C342AFA00D223F2 /* WatchConnectivity.framework */,
				9865601B2C352F5B008D2D8A /* WatchConnectivity.framework */,
				98814BF02C327E6300FAAAEC /* HealthKit.framework */,
			);
			name = Frameworks;
			sourceTree = "<group>";
		};
		9898759C2C2D962D00D771AB /* plungeeWatch Watch App */ = {
			isa = PBXGroup;
			children = (
				9898759D2C2D962D00D771AB /* plungeeWatchApp.swift */,
				98814BEE2C31EA5800FAAAEC /* Controllers */,
				989875AF2C2D9D0B00D771AB /* Views */,
				98814BF22C327E9B00FAAAEC /* plungeeWatch Watch App.entitlements */,
				98814BF32C327EAF00FAAAEC /* plungeeWatch-Watch-App-Info.plist */,
				989875A32C2D962F00D771AB /* Preview Content */,
			);
			path = "plungeeWatch Watch App";
			sourceTree = "<group>";
		};
		989875A32C2D962F00D771AB /* Preview Content */ = {
			isa = PBXGroup;
			children = (
				989875A42C2D962F00D771AB /* Preview Assets.xcassets */,
			);
			path = "Preview Content";
			sourceTree = "<group>";
		};
		989875AF2C2D9D0B00D771AB /* Views */ = {
			isa = PBXGroup;
			children = (
				9898759F2C2D962D00D771AB /* ContentView.swift */,
				989875B02C2D9D5500D771AB /* SessionView.swift */,
				989875B22C2D9E0600D771AB /* MetricsView.swift */,
				98814BEA2C31D67B00FAAAEC /* ControlsView.swift */,
				983226572C36EE49002DE360 /* SummaryView.swift */,
			);
			path = Views;
			sourceTree = "<group>";
		};
		98D2A8082C33130100CD318E /* Controllers */ = {
			isa = PBXGroup;
			children = (
				980961282C240E5300C30891 /* WatchConnector.swift */,
				98D7B69D2C3968360033300A /* DatabaseManager.swift */,
			);
			path = Controllers;
			sourceTree = "<group>";
		};
		98D7B6892C387F0E0033300A /* Models */ = {
			isa = PBXGroup;
			children = (
				98D7B68B2C387F190033300A /* Session.swift */,
			);
			path = Models;
			sourceTree = "<group>";
		};
		98D7B68A2C387F140033300A /* Utils */ = {
			isa = PBXGroup;
			children = (
				98D7B68C2C387F200033300A /* ElapsedTimeView.swift */,
				98D7B68D2C387F200033300A /* ExposureType.swift */,
			);
			path = Utils;
			sourceTree = "<group>";
		};
		98E0ED642BB6027C00AE977C /* Views */ = {
			isa = PBXGroup;
			children = (
				98C491582C36FEFC00F21C32 /* ContentView.swift */,
				98C491552C36FEFC00F21C32 /* DashboardView.swift */,
				98C491562C36FEFC00F21C32 /* SettingsView.swift */,
				98C491572C36FEFC00F21C32 /* StartView.swift */,
				98DF67502C370E7900428188 /* WatchReachableIndicator.swift */,
			);
			path = Views;
			sourceTree = "<group>";
		};
/* End PBXGroup section */

/* Begin PBXNativeTarget section */
		98688E072B55837500638572 /* plungee */ = {
			isa = PBXNativeTarget;
			buildConfigurationList = 98688E2C2B55837900638572 /* Build configuration list for PBXNativeTarget "plungee" */;
			buildPhases = (
				98688E042B55837500638572 /* Sources */,
				98688E052B55837500638572 /* Frameworks */,
				98688E062B55837500638572 /* Resources */,
				98688E2B2B55837900638572 /* Embed Watch Content */,
			);
			buildRules = (
			);
			dependencies = (
				989875A72C2D962F00D771AB /* PBXTargetDependency */,
			);
			name = plungee;
			packageProductDependencies = (
				984F3C952C45B7060048569E /* FirebaseAnalytics */,
				984F3C972C45B7060048569E /* FirebaseAuth */,
				984F3C992C45B7060048569E /* FirebaseFirestore */,
			);
			productName = plungee;
			productReference = 98688E082B55837500638572 /* plungee.app */;
			productType = "com.apple.product-type.application";
		};
		9898759A2C2D962D00D771AB /* plungeeWatch Watch App */ = {
			isa = PBXNativeTarget;
			buildConfigurationList = 989875AB2C2D962F00D771AB /* Build configuration list for PBXNativeTarget "plungeeWatch Watch App" */;
			buildPhases = (
				989875972C2D962D00D771AB /* Sources */,
				989875982C2D962D00D771AB /* Frameworks */,
				989875992C2D962D00D771AB /* Resources */,
			);
			buildRules = (
			);
			dependencies = (
			);
			name = "plungeeWatch Watch App";
			productName = "plungeeWatch Watch App";
			productReference = 9898759B2C2D962D00D771AB /* plungee.app */;
			productType = "com.apple.product-type.application";
		};
/* End PBXNativeTarget section */

/* Begin PBXProject section */
		98688E002B55837500638572 /* Project object */ = {
			isa = PBXProject;
			attributes = {
				BuildIndependentTargetsInParallel = 1;
				LastSwiftUpdateCheck = 1540;
				LastUpgradeCheck = 1530;
				TargetAttributes = {
					98688E072B55837500638572 = {
						CreatedOnToolsVersion = 15.2;
					};
					9898759A2C2D962D00D771AB = {
						CreatedOnToolsVersion = 15.4;
					};
				};
			};
			buildConfigurationList = 98688E032B55837500638572 /* Build configuration list for PBXProject "plungee" */;
			compatibilityVersion = "Xcode 14.0";
			developmentRegion = en;
			hasScannedForEncodings = 0;
			knownRegions = (
				en,
				Base,
			);
			mainGroup = 98688DFF2B55837500638572;
			packageReferences = (
				98D7B6942C3965810033300A /* XCRemoteSwiftPackageReference "firebase-ios-sdk" */,
			);
			productRefGroup = 98688E092B55837500638572 /* Products */;
			projectDirPath = "";
			projectRoot = "";
			targets = (
				98688E072B55837500638572 /* plungee */,
				9898759A2C2D962D00D771AB /* plungeeWatch Watch App */,
			);
		};
/* End PBXProject section */

/* Begin PBXResourcesBuildPhase section */
		98688E062B55837500638572 /* Resources */ = {
			isa = PBXResourcesBuildPhase;
			buildActionMask = 2147483647;
			files = (
				98688E132B55837700638572 /* Preview Assets.xcassets in Resources */,
				985856D82C52B4FA00CD55D4 /* Assets.xcassets in Resources */,
				985137E62C52B0E300F28A19 /* GoogleService-Info.plist in Resources */,
			);
			runOnlyForDeploymentPostprocessing = 0;
		};
		989875992C2D962D00D771AB /* Resources */ = {
			isa = PBXResourcesBuildPhase;
			buildActionMask = 2147483647;
			files = (
				989875A52C2D962F00D771AB /* Preview Assets.xcassets in Resources */,
				985856D92C52B4FA00CD55D4 /* Assets.xcassets in Resources */,
			);
			runOnlyForDeploymentPostprocessing = 0;
		};
/* End PBXResourcesBuildPhase section */

/* Begin PBXSourcesBuildPhase section */
		98688E042B55837500638572 /* Sources */ = {
			isa = PBXSourcesBuildPhase;
			buildActionMask = 2147483647;
			files = (
				98C4915C2C36FEFC00F21C32 /* ContentView.swift in Sources */,
				980961292C240E5300C30891 /* WatchConnector.swift in Sources */,
				98D7B68E2C391E130033300A /* ElapsedTimeView.swift in Sources */,
				98D7B68F2C391E130033300A /* ExposureType.swift in Sources */,
				98C491592C36FEFC00F21C32 /* DashboardView.swift in Sources */,
				98D7B69E2C3968360033300A /* DatabaseManager.swift in Sources */,
				98C4915B2C36FEFC00F21C32 /* StartView.swift in Sources */,
				98C4915A2C36FEFC00F21C32 /* SettingsView.swift in Sources */,
				98D7B6922C391E1B0033300A /* Session.swift in Sources */,
				98663E012BB6097D00608098 /* TabItems.swift in Sources */,
				98688E0C2B55837500638572 /* plungeeApp.swift in Sources */,
				98DF67512C370E7900428188 /* WatchReachableIndicator.swift in Sources */,
			);
			runOnlyForDeploymentPostprocessing = 0;
		};
		989875972C2D962D00D771AB /* Sources */ = {
			isa = PBXSourcesBuildPhase;
			buildActionMask = 2147483647;
			files = (
				989875A02C2D962D00D771AB /* ContentView.swift in Sources */,
				989875B32C2D9E0600D771AB /* MetricsView.swift in Sources */,
				98D7B6902C391E140033300A /* ElapsedTimeView.swift in Sources */,
				98D7B6912C391E140033300A /* ExposureType.swift in Sources */,
				98814BED2C31EA4D00FAAAEC /* WorkoutManager.swift in Sources */,
				989875B12C2D9D5600D771AB /* SessionView.swift in Sources */,
				9898759E2C2D962D00D771AB /* plungeeWatchApp.swift in Sources */,
				98D7B6932C391E1B0033300A /* Session.swift in Sources */,
				983226582C36EE49002DE360 /* SummaryView.swift in Sources */,
				98814BEB2C31D67B00FAAAEC /* ControlsView.swift in Sources */,
				98BAB3B72C33E20F00AE0637 /* WatchIOSConnector.swift in Sources */,
			);
			runOnlyForDeploymentPostprocessing = 0;
		};
/* End PBXSourcesBuildPhase section */

/* Begin PBXTargetDependency section */
		989875A72C2D962F00D771AB /* PBXTargetDependency */ = {
			isa = PBXTargetDependency;
			target = 9898759A2C2D962D00D771AB /* plungeeWatch Watch App */;
			targetProxy = 989875A62C2D962F00D771AB /* PBXContainerItemProxy */;
		};
/* End PBXTargetDependency section */

/* Begin XCBuildConfiguration section */
		98688E262B55837900638572 /* Debug */ = {
			isa = XCBuildConfiguration;
			buildSettings = {
				ALWAYS_SEARCH_USER_PATHS = NO;
				ASSETCATALOG_COMPILER_GENERATE_SWIFT_ASSET_SYMBOL_EXTENSIONS = YES;
				CLANG_ANALYZER_NONNULL = YES;
				CLANG_ANALYZER_NUMBER_OBJECT_CONVERSION = YES_AGGRESSIVE;
				CLANG_CXX_LANGUAGE_STANDARD = "gnu++20";
				CLANG_ENABLE_MODULES = YES;
				CLANG_ENABLE_OBJC_ARC = YES;
				CLANG_ENABLE_OBJC_WEAK = YES;
				CLANG_WARN_BLOCK_CAPTURE_AUTORELEASING = YES;
				CLANG_WARN_BOOL_CONVERSION = YES;
				CLANG_WARN_COMMA = YES;
				CLANG_WARN_CONSTANT_CONVERSION = YES;
				CLANG_WARN_DEPRECATED_OBJC_IMPLEMENTATIONS = YES;
				CLANG_WARN_DIRECT_OBJC_ISA_USAGE = YES_ERROR;
				CLANG_WARN_DOCUMENTATION_COMMENTS = YES;
				CLANG_WARN_EMPTY_BODY = YES;
				CLANG_WARN_ENUM_CONVERSION = YES;
				CLANG_WARN_INFINITE_RECURSION = YES;
				CLANG_WARN_INT_CONVERSION = YES;
				CLANG_WARN_NON_LITERAL_NULL_CONVERSION = YES;
				CLANG_WARN_OBJC_IMPLICIT_RETAIN_SELF = YES;
				CLANG_WARN_OBJC_LITERAL_CONVERSION = YES;
				CLANG_WARN_OBJC_ROOT_CLASS = YES_ERROR;
				CLANG_WARN_QUOTED_INCLUDE_IN_FRAMEWORK_HEADER = YES;
				CLANG_WARN_RANGE_LOOP_ANALYSIS = YES;
				CLANG_WARN_STRICT_PROTOTYPES = YES;
				CLANG_WARN_SUSPICIOUS_MOVE = YES;
				CLANG_WARN_UNGUARDED_AVAILABILITY = YES_AGGRESSIVE;
				CLANG_WARN_UNREACHABLE_CODE = YES;
				CLANG_WARN__DUPLICATE_METHOD_MATCH = YES;
				COPY_PHASE_STRIP = NO;
				DEAD_CODE_STRIPPING = YES;
				DEBUG_INFORMATION_FORMAT = dwarf;
				ENABLE_STRICT_OBJC_MSGSEND = YES;
				ENABLE_TESTABILITY = YES;
				ENABLE_USER_SCRIPT_SANDBOXING = YES;
				GCC_C_LANGUAGE_STANDARD = gnu17;
				GCC_DYNAMIC_NO_PIC = NO;
				GCC_NO_COMMON_BLOCKS = YES;
				GCC_OPTIMIZATION_LEVEL = 0;
				GCC_PREPROCESSOR_DEFINITIONS = (
					"DEBUG=1",
					"$(inherited)",
				);
				GCC_WARN_64_TO_32_BIT_CONVERSION = YES;
				GCC_WARN_ABOUT_RETURN_TYPE = YES_ERROR;
				GCC_WARN_UNDECLARED_SELECTOR = YES;
				GCC_WARN_UNINITIALIZED_AUTOS = YES_AGGRESSIVE;
				GCC_WARN_UNUSED_FUNCTION = YES;
				GCC_WARN_UNUSED_VARIABLE = YES;
				LOCALIZATION_PREFERS_STRING_CATALOGS = YES;
				MTL_ENABLE_DEBUG_INFO = INCLUDE_SOURCE;
				MTL_FAST_MATH = YES;
				ONLY_ACTIVE_ARCH = YES;
				SWIFT_ACTIVE_COMPILATION_CONDITIONS = "DEBUG $(inherited)";
				SWIFT_OPTIMIZATION_LEVEL = "-Onone";
			};
			name = Debug;
		};
		98688E272B55837900638572 /* Release */ = {
			isa = XCBuildConfiguration;
			buildSettings = {
				ALWAYS_SEARCH_USER_PATHS = NO;
				ASSETCATALOG_COMPILER_GENERATE_SWIFT_ASSET_SYMBOL_EXTENSIONS = YES;
				CLANG_ANALYZER_NONNULL = YES;
				CLANG_ANALYZER_NUMBER_OBJECT_CONVERSION = YES_AGGRESSIVE;
				CLANG_CXX_LANGUAGE_STANDARD = "gnu++20";
				CLANG_ENABLE_MODULES = YES;
				CLANG_ENABLE_OBJC_ARC = YES;
				CLANG_ENABLE_OBJC_WEAK = YES;
				CLANG_WARN_BLOCK_CAPTURE_AUTORELEASING = YES;
				CLANG_WARN_BOOL_CONVERSION = YES;
				CLANG_WARN_COMMA = YES;
				CLANG_WARN_CONSTANT_CONVERSION = YES;
				CLANG_WARN_DEPRECATED_OBJC_IMPLEMENTATIONS = YES;
				CLANG_WARN_DIRECT_OBJC_ISA_USAGE = YES_ERROR;
				CLANG_WARN_DOCUMENTATION_COMMENTS = YES;
				CLANG_WARN_EMPTY_BODY = YES;
				CLANG_WARN_ENUM_CONVERSION = YES;
				CLANG_WARN_INFINITE_RECURSION = YES;
				CLANG_WARN_INT_CONVERSION = YES;
				CLANG_WARN_NON_LITERAL_NULL_CONVERSION = YES;
				CLANG_WARN_OBJC_IMPLICIT_RETAIN_SELF = YES;
				CLANG_WARN_OBJC_LITERAL_CONVERSION = YES;
				CLANG_WARN_OBJC_ROOT_CLASS = YES_ERROR;
				CLANG_WARN_QUOTED_INCLUDE_IN_FRAMEWORK_HEADER = YES;
				CLANG_WARN_RANGE_LOOP_ANALYSIS = YES;
				CLANG_WARN_STRICT_PROTOTYPES = YES;
				CLANG_WARN_SUSPICIOUS_MOVE = YES;
				CLANG_WARN_UNGUARDED_AVAILABILITY = YES_AGGRESSIVE;
				CLANG_WARN_UNREACHABLE_CODE = YES;
				CLANG_WARN__DUPLICATE_METHOD_MATCH = YES;
				COPY_PHASE_STRIP = NO;
				DEAD_CODE_STRIPPING = YES;
				DEBUG_INFORMATION_FORMAT = "dwarf-with-dsym";
				ENABLE_NS_ASSERTIONS = NO;
				ENABLE_STRICT_OBJC_MSGSEND = YES;
				ENABLE_USER_SCRIPT_SANDBOXING = YES;
				GCC_C_LANGUAGE_STANDARD = gnu17;
				GCC_NO_COMMON_BLOCKS = YES;
				GCC_WARN_64_TO_32_BIT_CONVERSION = YES;
				GCC_WARN_ABOUT_RETURN_TYPE = YES_ERROR;
				GCC_WARN_UNDECLARED_SELECTOR = YES;
				GCC_WARN_UNINITIALIZED_AUTOS = YES_AGGRESSIVE;
				GCC_WARN_UNUSED_FUNCTION = YES;
				GCC_WARN_UNUSED_VARIABLE = YES;
				LOCALIZATION_PREFERS_STRING_CATALOGS = YES;
				MTL_ENABLE_DEBUG_INFO = NO;
				MTL_FAST_MATH = YES;
				SWIFT_COMPILATION_MODE = wholemodule;
			};
			name = Release;
		};
		98688E2D2B55837900638572 /* Debug */ = {
			isa = XCBuildConfiguration;
			buildSettings = {
				ALWAYS_EMBED_SWIFT_STANDARD_LIBRARIES = YES;
				ASSETCATALOG_COMPILER_APPICON_NAME = IOSIcon;
				ASSETCATALOG_COMPILER_GLOBAL_ACCENT_COLOR_NAME = AccentColor;
				ASSETCATALOG_COMPILER_INCLUDE_ALL_APPICON_ASSETS = NO;
				CODE_SIGN_STYLE = Automatic;
				CURRENT_PROJECT_VERSION = 1;
				DEVELOPMENT_ASSET_PATHS = "\"plungee/Preview Content\"";
				DEVELOPMENT_TEAM = MV653MTS3Y;
				ENABLE_PREVIEWS = YES;
				GENERATE_INFOPLIST_FILE = YES;
				INFOPLIST_FILE = plungee/Info.plist;
				INFOPLIST_KEY_CFBundleDisplayName = plungee;
				INFOPLIST_KEY_LSApplicationCategoryType = "public.app-category.healthcare-fitness";
				INFOPLIST_KEY_UIApplicationSceneManifest_Generation = YES;
				INFOPLIST_KEY_UIApplicationSupportsIndirectInputEvents = YES;
				INFOPLIST_KEY_UILaunchScreen_Generation = YES;
				INFOPLIST_KEY_UILaunchStoryboardName = "Launch Screen.storyboard";
				INFOPLIST_KEY_UIStatusBarStyle = "";
				INFOPLIST_KEY_UISupportedInterfaceOrientations = UIInterfaceOrientationPortrait;
				IPHONEOS_DEPLOYMENT_TARGET = 17.0;
				LD_RUNPATH_SEARCH_PATHS = (
					"$(inherited)",
					"@executable_path/Frameworks",
				);
				MARKETING_VERSION = 1.0;
				PRODUCT_BUNDLE_IDENTIFIER = dev.tobb.plungee;
				PRODUCT_NAME = "$(TARGET_NAME)";
				SDKROOT = iphoneos;
				SWIFT_EMIT_LOC_STRINGS = YES;
				SWIFT_VERSION = 5.0;
				TARGETED_DEVICE_FAMILY = "1,2";
			};
			name = Debug;
		};
		98688E2E2B55837900638572 /* Release */ = {
			isa = XCBuildConfiguration;
			buildSettings = {
				ALWAYS_EMBED_SWIFT_STANDARD_LIBRARIES = YES;
				ASSETCATALOG_COMPILER_APPICON_NAME = IOSIcon;
				ASSETCATALOG_COMPILER_GLOBAL_ACCENT_COLOR_NAME = AccentColor;
				ASSETCATALOG_COMPILER_INCLUDE_ALL_APPICON_ASSETS = NO;
				CODE_SIGN_STYLE = Automatic;
				CURRENT_PROJECT_VERSION = 1;
				DEVELOPMENT_ASSET_PATHS = "\"plungee/Preview Content\"";
				DEVELOPMENT_TEAM = MV653MTS3Y;
				ENABLE_PREVIEWS = YES;
				GENERATE_INFOPLIST_FILE = YES;
				INFOPLIST_FILE = plungee/Info.plist;
				INFOPLIST_KEY_CFBundleDisplayName = plungee;
				INFOPLIST_KEY_LSApplicationCategoryType = "public.app-category.healthcare-fitness";
				INFOPLIST_KEY_UIApplicationSceneManifest_Generation = YES;
				INFOPLIST_KEY_UIApplicationSupportsIndirectInputEvents = YES;
				INFOPLIST_KEY_UILaunchScreen_Generation = YES;
				INFOPLIST_KEY_UILaunchStoryboardName = "Launch Screen.storyboard";
				INFOPLIST_KEY_UIStatusBarStyle = "";
				INFOPLIST_KEY_UISupportedInterfaceOrientations = UIInterfaceOrientationPortrait;
				IPHONEOS_DEPLOYMENT_TARGET = 17.0;
				LD_RUNPATH_SEARCH_PATHS = (
					"$(inherited)",
					"@executable_path/Frameworks",
				);
				MARKETING_VERSION = 1.0;
				PRODUCT_BUNDLE_IDENTIFIER = dev.tobb.plungee;
				PRODUCT_NAME = "$(TARGET_NAME)";
				SDKROOT = iphoneos;
				SWIFT_EMIT_LOC_STRINGS = YES;
				SWIFT_VERSION = 5.0;
				TARGETED_DEVICE_FAMILY = "1,2";
				VALIDATE_PRODUCT = YES;
			};
			name = Release;
		};
		989875A92C2D962F00D771AB /* Debug */ = {
			isa = XCBuildConfiguration;
			buildSettings = {
				ASSETCATALOG_COMPILER_APPICON_NAME = WatchIcon;
				ASSETCATALOG_COMPILER_GLOBAL_ACCENT_COLOR_NAME = AccentColor;
				CODE_SIGN_ENTITLEMENTS = "plungeeWatch Watch App/plungeeWatch Watch App.entitlements";
				CODE_SIGN_STYLE = Automatic;
				CURRENT_PROJECT_VERSION = 1;
				DEVELOPMENT_ASSET_PATHS = "\"plungeeWatch Watch App/Preview Content\"";
				DEVELOPMENT_TEAM = MV653MTS3Y;
				ENABLE_PREVIEWS = YES;
				GENERATE_INFOPLIST_FILE = YES;
				INFOPLIST_FILE = "plungeeWatch-Watch-App-Info.plist";
				INFOPLIST_KEY_NSHealthShareUsageDescription = "Your workout data will be used to display your saved cold exposure logs in plungee.";
				INFOPLIST_KEY_NSHealthUpdateUsageDescription = "Cold exposure tracked by plungee will be saved into HealthKit.";
				INFOPLIST_KEY_UISupportedInterfaceOrientations = "UIInterfaceOrientationPortrait UIInterfaceOrientationPortraitUpsideDown";
				INFOPLIST_KEY_WKCompanionAppBundleIdentifier = dev.tobb.plungee;
				LD_RUNPATH_SEARCH_PATHS = (
					"$(inherited)",
					"@executable_path/Frameworks",
				);
				MARKETING_VERSION = 1.0;
				PRODUCT_BUNDLE_IDENTIFIER = dev.tobb.plungee.watchkitapp;
				PRODUCT_NAME = plungee;
				SDKROOT = watchos;
				SKIP_INSTALL = YES;
				SWIFT_EMIT_LOC_STRINGS = YES;
				SWIFT_VERSION = 5.0;
				TARGETED_DEVICE_FAMILY = 4;
				WATCHOS_DEPLOYMENT_TARGET = 10.0;
			};
			name = Debug;
		};
		989875AA2C2D962F00D771AB /* Release */ = {
			isa = XCBuildConfiguration;
			buildSettings = {
				ASSETCATALOG_COMPILER_APPICON_NAME = WatchIcon;
				ASSETCATALOG_COMPILER_GLOBAL_ACCENT_COLOR_NAME = AccentColor;
				CODE_SIGN_ENTITLEMENTS = "plungeeWatch Watch App/plungeeWatch Watch App.entitlements";
				CODE_SIGN_STYLE = Automatic;
				CURRENT_PROJECT_VERSION = 1;
				DEVELOPMENT_ASSET_PATHS = "\"plungeeWatch Watch App/Preview Content\"";
				DEVELOPMENT_TEAM = MV653MTS3Y;
				ENABLE_PREVIEWS = YES;
				GENERATE_INFOPLIST_FILE = YES;
				INFOPLIST_FILE = "plungeeWatch-Watch-App-Info.plist";
				INFOPLIST_KEY_NSHealthShareUsageDescription = "Your workout data will be used to display your saved cold exposure logs in plungee.";
				INFOPLIST_KEY_NSHealthUpdateUsageDescription = "Cold exposure tracked by plungee will be saved into HealthKit.";
				INFOPLIST_KEY_UISupportedInterfaceOrientations = "UIInterfaceOrientationPortrait UIInterfaceOrientationPortraitUpsideDown";
				INFOPLIST_KEY_WKCompanionAppBundleIdentifier = dev.tobb.plungee;
				LD_RUNPATH_SEARCH_PATHS = (
					"$(inherited)",
					"@executable_path/Frameworks",
				);
				MARKETING_VERSION = 1.0;
				PRODUCT_BUNDLE_IDENTIFIER = dev.tobb.plungee.watchkitapp;
				PRODUCT_NAME = plungee;
				SDKROOT = watchos;
				SKIP_INSTALL = YES;
				SWIFT_EMIT_LOC_STRINGS = YES;
				SWIFT_VERSION = 5.0;
				TARGETED_DEVICE_FAMILY = 4;
				VALIDATE_PRODUCT = YES;
				WATCHOS_DEPLOYMENT_TARGET = 10.0;
			};
			name = Release;
		};
/* End XCBuildConfiguration section */

/* Begin XCConfigurationList section */
		98688E032B55837500638572 /* Build configuration list for PBXProject "plungee" */ = {
			isa = XCConfigurationList;
			buildConfigurations = (
				98688E262B55837900638572 /* Debug */,
				98688E272B55837900638572 /* Release */,
			);
			defaultConfigurationIsVisible = 0;
			defaultConfigurationName = Release;
		};
		98688E2C2B55837900638572 /* Build configuration list for PBXNativeTarget "plungee" */ = {
			isa = XCConfigurationList;
			buildConfigurations = (
				98688E2D2B55837900638572 /* Debug */,
				98688E2E2B55837900638572 /* Release */,
			);
			defaultConfigurationIsVisible = 0;
			defaultConfigurationName = Release;
		};
		989875AB2C2D962F00D771AB /* Build configuration list for PBXNativeTarget "plungeeWatch Watch App" */ = {
			isa = XCConfigurationList;
			buildConfigurations = (
				989875A92C2D962F00D771AB /* Debug */,
				989875AA2C2D962F00D771AB /* Release */,
			);
			defaultConfigurationIsVisible = 0;
			defaultConfigurationName = Release;
		};
/* End XCConfigurationList section */

/* Begin XCRemoteSwiftPackageReference section */
		98D7B6942C3965810033300A /* XCRemoteSwiftPackageReference "firebase-ios-sdk" */ = {
			isa = XCRemoteSwiftPackageReference;
			repositoryURL = "https://github.com/firebase/firebase-ios-sdk";
			requirement = {
				kind = upToNextMajorVersion;
				minimumVersion = 10.28.1;
			};
		};
/* End XCRemoteSwiftPackageReference section */

/* Begin XCSwiftPackageProductDependency section */
		984F3C952C45B7060048569E /* FirebaseAnalytics */ = {
			isa = XCSwiftPackageProductDependency;
			package = 98D7B6942C3965810033300A /* XCRemoteSwiftPackageReference "firebase-ios-sdk" */;
			productName = FirebaseAnalytics;
		};
		984F3C972C45B7060048569E /* FirebaseAuth */ = {
			isa = XCSwiftPackageProductDependency;
			package = 98D7B6942C3965810033300A /* XCRemoteSwiftPackageReference "firebase-ios-sdk" */;
			productName = FirebaseAuth;
		};
		984F3C992C45B7060048569E /* FirebaseFirestore */ = {
			isa = XCSwiftPackageProductDependency;
			package = 98D7B6942C3965810033300A /* XCRemoteSwiftPackageReference "firebase-ios-sdk" */;
			productName = FirebaseFirestore;
		};
/* End XCSwiftPackageProductDependency section */
	};
	rootObject = 98688E002B55837500638572 /* Project object */;
}
